
Microsoft Visual Studio Solution File, Format Version 12.00
# Visual Studio Version 17
VisualStudioVersion = 17.2.32516.85
MinimumVisualStudioVersion = 10.0.40219.1
Project("{FAE04EC0-301F-11D3-BF4B-00C04F79EFBC}") = "DotnetDependencyGrapher", "DotnetDependencyGrapher\DotnetDependencyGrapher.csproj", "{330B87B0-FB59-4220-84BC-E9FCD8C388DC}"
EndProject
Global
	GlobalSection(SolutionConfigurationPlatforms) = preSolution
		Debug|Any CPU = Debug|Any CPU
		Release|Any CPU = Release|Any CPU
	EndGlobalSection
	GlobalSection(ProjectConfigurationPlatforms) = postSolution
		{330B87B0-FB59-4220-84BC-E9FCD8C388DC}.Debug|Any CPU.ActiveCfg = Debug|Any CPU
		{330B87B0-FB59-4220-84BC-E9FCD8C388DC}.Debug|Any CPU.Build.0 = Debug|Any CPU
		{330B87B0-FB59-4220-84BC-E9FCD8C388DC}.Release|Any CPU.ActiveCfg = Release|Any CPU
		{330B87B0-FB59-4220-84BC-E9FCD8C388DC}.Release|Any CPU.Build.0 = Release|Any CPU
	EndGlobalSection
	GlobalSection(SolutionProperties) = preSolution
		HideSolutionNode = FALSE
	EndGlobalSection
	GlobalSection(ExtensibilityGlobals) = postSolution
		SolutionGuid = {4AADD2B6-6CD9-4AFE-9040-275A64AA8A41}
	EndGlobalSection
EndGlobal
